
Microsoft Visual Studio Solution File, Format Version 12.00
# Visual Studio Version 16
VisualStudioVersion = 16.0.28803.156
MinimumVisualStudioVersion = 10.0.40219.1
Project("{FAE04EC0-301F-11D3-BF4B-00C04F79EFBC}") = "WebApplication1", "WebApplication1\WebApplication1.csproj", "{90CE2552-97A7-467E-9665-09D407A4BC51}"
EndProject
Project("{FAE04EC0-301F-11D3-BF4B-00C04F79EFBC}") = "ClassLibrary1", "ClassLibrary1\ClassLibrary1.csproj", "{1C48479C-2289-495A-80D0-9958FE6E1E3C}"
EndProject
Global
	GlobalSection(SolutionConfigurationPlatforms) = preSolution
		Debug|Any CPU = Debug|Any CPU
		Release|Any CPU = Release|Any CPU
	EndGlobalSection
	GlobalSection(ProjectConfigurationPlatforms) = postSolution
		{90CE2552-97A7-467E-9665-09D407A4BC51}.Debug|Any CPU.ActiveCfg = Debug|Any CPU
		{90CE2552-97A7-467E-9665-09D407A4BC51}.Debug|Any CPU.Build.0 = Debug|Any CPU
		{90CE2552-97A7-467E-9665-09D407A4BC51}.Release|Any CPU.ActiveCfg = Release|Any CPU
		{90CE2552-97A7-467E-9665-09D407A4BC51}.Release|Any CPU.Build.0 = Release|Any CPU
		{1C48479C-2289-495A-80D0-9958FE6E1E3C}.Debug|Any CPU.ActiveCfg = Debug|Any CPU
		{1C48479C-2289-495A-80D0-9958FE6E1E3C}.Debug|Any CPU.Build.0 = Debug|Any CPU
		{1C48479C-2289-495A-80D0-9958FE6E1E3C}.Release|Any CPU.ActiveCfg = Release|Any CPU
		{1C48479C-2289-495A-80D0-9958FE6E1E3C}.Release|Any CPU.Build.0 = Release|Any CPU
	EndGlobalSection
	GlobalSection(SolutionProperties) = preSolution
		HideSolutionNode = FALSE
	EndGlobalSection
	GlobalSection(ExtensibilityGlobals) = postSolution
		SolutionGuid = {E2AC8E2C-B62F-4D6F-80BA-F834EEB1C1CD}
	EndGlobalSection
EndGlobal
